{
    "_readme": [
        "This file locks the dependencies of your project to a known state",
        "Read more about it at https://getcomposer.org/doc/01-basic-usage.md#installing-dependencies",
        "This file is @generated automatically"
    ],
    "content-hash": "93f0350f92dbec02b6a56e46ad9debd9",
    "packages": [
        {
            "name": "afragen/translations-updater",
            "version": "dev-master",
            "source": {
                "type": "git",
                "url": "https://github.com/afragen/translations-updater.git",
                "reference": "cb37ba535ab7e9525e23cad60998d0e14289e535"
            },
            "dist": {
                "type": "zip",
                "url": "https://api.github.com/repos/afragen/translations-updater/zipball/cb37ba535ab7e9525e23cad60998d0e14289e535",
                "reference": "cb37ba535ab7e9525e23cad60998d0e14289e535",
                "shasum": ""
            },
            "require": {
                "php": ">=5.4"
            },
            "type": "library",
            "autoload": {
                "psr-4": {
                    "Fragen\\Translations_Updater\\": "src/Translations_Updater/"
                }
            },
            "notification-url": "https://packagist.org/downloads/",
            "license": [
                "MIT"
            ],
            "authors": [
                {
                    "name": "Andy Fragen",
                    "email": "andy@thefragens.com",
                    "homepage": "https://thefragens.com",
                    "role": "Developer"
                }
            ],
            "description": "This framework provides automatic decoupled languate pack updates from a public repository for your WordPress plugin or theme.",
            "keywords": [
                "language pack",
                "plugin",
                "theme",
                "translations",
                "updater",
                "wordpress"
            ],
            "time": "2019-06-29T17:19:03+00:00"
        }
    ],
    "packages-dev": [],
    "aliases": [],
    "minimum-stability": "stable",
    "stability-flags": {
        "afragen/translations-updater": 20
    },
    "prefer-stable": true,
    "prefer-lowest": false,
    "platform": {
        "php": ">=5.4"
    },
    "platform-dev": []
}
