{
    "_readme": [
        "This file locks the dependencies of your project to a known state",
        "Read more about it at https://getcomposer.org/doc/01-basic-usage.md#installing-dependencies",
        "This file is @generated automatically"
    ],
    "content-hash": "8dde00dfbb5d1cb690052770de0985d2",
    "packages": [
        {
            "name": "afragen/translations-updater",
            "version": "dev-master",
            "source": {
                "type": "git",
                "url": "https://github.com/afragen/translations-updater.git",
                "reference": "93cd3ad14f59e435f0cfa915c6971126095a29f1"
            },
            "dist": {
                "type": "zip",
                "url": "https://api.github.com/repos/afragen/translations-updater/zipball/93cd3ad14f59e435f0cfa915c6971126095a29f1",
                "reference": "93cd3ad14f59e435f0cfa915c6971126095a29f1",
                "shasum": ""
            },
            "require": {
                "php": ">=5.4"
            },
            "type": "library",
            "autoload": {
                "psr-4": {
                    "Fragen\\Translations_Updater\\": "src/Translations_Updater/"
                }
            },
            "notification-url": "https://packagist.org/downloads/",
            "license": [
                "MIT"
            ],
            "authors": [
                {
                    "name": "Andy Fragen",
                    "email": "andy@thefragens.com",
                    "homepage": "https://thefragens.com",
                    "role": "Developer"
                }
            ],
            "description": "This framework provides automatic decoupled languate pack updates from a public repository for your WordPress plugin or theme.",
            "keywords": [
                "language pack",
                "plugin",
                "theme",
                "translations",
                "updater",
                "wordpress"
            ],
            "support": {
                "issues": "https://github.com/afragen/translations-updater/issues",
                "source": "https://github.com/afragen/translations-updater"
            },
            "time": "2020-06-24T02:11:27+00:00"
        }
    ],
    "packages-dev": [],
    "aliases": [],
    "minimum-stability": "stable",
    "stability-flags": {
        "afragen/translations-updater": 20
    },
    "prefer-stable": true,
    "prefer-lowest": false,
    "platform": {
        "php": ">=5.6"
    },
    "platform-dev": [],
    "plugin-api-version": "2.0.0"
}
